
Microsoft Visual Studio Solution File, Format Version 12.00
# Visual Studio Version 17
VisualStudioVersion = 17.14.36203.30
MinimumVisualStudioVersion = 10.0.40219.1
Project("{FAE04EC0-301F-11D3-BF4B-00C04F79EFBC}") = "Web3Firewall", "Web3Firewall\Web3Firewall.csproj", "{6F4E74B1-CB4D-4A86-92E2-837578CCE64E}"
EndProject
Project("{FAE04EC0-301F-11D3-BF4B-00C04F79EFBC}") = "Web3Firewall.Shared", "Web3Firewall.Shared\Web3Firewall.Shared.csproj", "{03F50245-AC8C-4184-8C91-CE9CDDEF2B47}"
EndProject
Project("{FAE04EC0-301F-11D3-BF4B-00C04F79EFBC}") = "Web3Firewall.Shared.Models", "Web3Firewall.Shared.Models\Web3Firewall.Shared.Models.csproj", "{DAD8965A-A5E9-4BA7-BAE0-47DDD322889D}"
EndProject
Global
	GlobalSection(SolutionConfigurationPlatforms) = preSolution
		Debug|Any CPU = Debug|Any CPU
		Release|Any CPU = Release|Any CPU
	EndGlobalSection
	GlobalSection(ProjectConfigurationPlatforms) = postSolution
		{6F4E74B1-CB4D-4A86-92E2-837578CCE64E}.Debug|Any CPU.ActiveCfg = Debug|Any CPU
		{6F4E74B1-CB4D-4A86-92E2-837578CCE64E}.Debug|Any CPU.Build.0 = Debug|Any CPU
		{6F4E74B1-CB4D-4A86-92E2-837578CCE64E}.Release|Any CPU.ActiveCfg = Release|Any CPU
		{6F4E74B1-CB4D-4A86-92E2-837578CCE64E}.Release|Any CPU.Build.0 = Release|Any CPU
		{03F50245-AC8C-4184-8C91-CE9CDDEF2B47}.Debug|Any CPU.ActiveCfg = Debug|Any CPU
		{03F50245-AC8C-4184-8C91-CE9CDDEF2B47}.Debug|Any CPU.Build.0 = Debug|Any CPU
		{03F50245-AC8C-4184-8C91-CE9CDDEF2B47}.Release|Any CPU.ActiveCfg = Release|Any CPU
		{03F50245-AC8C-4184-8C91-CE9CDDEF2B47}.Release|Any CPU.Build.0 = Release|Any CPU
		{DAD8965A-A5E9-4BA7-BAE0-47DDD322889D}.Debug|Any CPU.ActiveCfg = Debug|Any CPU
		{DAD8965A-A5E9-4BA7-BAE0-47DDD322889D}.Debug|Any CPU.Build.0 = Debug|Any CPU
		{DAD8965A-A5E9-4BA7-BAE0-47DDD322889D}.Release|Any CPU.ActiveCfg = Release|Any CPU
		{DAD8965A-A5E9-4BA7-BAE0-47DDD322889D}.Release|Any CPU.Build.0 = Release|Any CPU
	EndGlobalSection
	GlobalSection(SolutionProperties) = preSolution
		HideSolutionNode = FALSE
	EndGlobalSection
	GlobalSection(ExtensibilityGlobals) = postSolution
		SolutionGuid = {FE8E4790-3E33-49DC-8BB5-5D1F97E6D673}
	EndGlobalSection
EndGlobal
